
Microsoft Visual Studio Solution File, Format Version 12.00
Project("{FAE04EC0-301F-11D3-BF4B-00C04F79EFBC}") = "Domain", "src\Domain\Domain\Domain.csproj", "{FFFD1DC9-362D-4BF9-83AD-F46D33CD6DB4}"
EndProject
Project("{2150E333-8FDC-42A3-9474-1A3956D46DE8}") = "src", "src", "{0107BD9C-C203-4C0C-8925-B21936209F84}"
EndProject
Project("{2150E333-8FDC-42A3-9474-1A3956D46DE8}") = "tests", "tests", "{348D668C-ABBC-4BFE-8933-386D37AE7BC6}"
EndProject
Project("{2150E333-8FDC-42A3-9474-1A3956D46DE8}") = "Domain", "Domain", "{5521C232-AFFF-4E36-B7D9-C6BD3086C798}"
EndProject
Project("{2150E333-8FDC-42A3-9474-1A3956D46DE8}") = "Application", "Application", "{FFE895A0-2427-40B7-BC54-6A5DF35AB57B}"
EndProject
Project("{2150E333-8FDC-42A3-9474-1A3956D46DE8}") = "Infrastructure", "Infrastructure", "{AB5E0A41-F2BA-47CF-A7AC-C15874D121F3}"
EndProject
Project("{2150E333-8FDC-42A3-9474-1A3956D46DE8}") = "Presentation", "Presentation", "{3A38B441-91BA-476C-9930-40D16E55DA17}"
EndProject
Project("{FAE04EC0-301F-11D3-BF4B-00C04F79EFBC}") = "Infrastructure.Persistence", "src\Infrastructure\Infrastructure.Persistence\Infrastructure.Persistence.csproj", "{BEC08B76-C5E9-44A5-903C-6538F0E38173}"
EndProject
Project("{FAE04EC0-301F-11D3-BF4B-00C04F79EFBC}") = "Presentation.WebAPI", "src\Presentation\Presentation.WebAPI\Presentation.WebAPI.csproj", "{5B586BCF-6742-4BCF-A0D1-8DD52A59D0DA}"
EndProject
Project("{FAE04EC0-301F-11D3-BF4B-00C04F79EFBC}") = "Application", "src\Application\Application\Application.csproj", "{7CD8971C-585E-40B5-8712-383969E38104}"
EndProject
Global
	GlobalSection(SolutionConfigurationPlatforms) = preSolution
		Debug|Any CPU = Debug|Any CPU
		Release|Any CPU = Release|Any CPU
	EndGlobalSection
	GlobalSection(ProjectConfigurationPlatforms) = postSolution
		{FFFD1DC9-362D-4BF9-83AD-F46D33CD6DB4}.Debug|Any CPU.ActiveCfg = Debug|Any CPU
		{FFFD1DC9-362D-4BF9-83AD-F46D33CD6DB4}.Debug|Any CPU.Build.0 = Debug|Any CPU
		{FFFD1DC9-362D-4BF9-83AD-F46D33CD6DB4}.Release|Any CPU.ActiveCfg = Release|Any CPU
		{FFFD1DC9-362D-4BF9-83AD-F46D33CD6DB4}.Release|Any CPU.Build.0 = Release|Any CPU
		{BEC08B76-C5E9-44A5-903C-6538F0E38173}.Debug|Any CPU.ActiveCfg = Debug|Any CPU
		{BEC08B76-C5E9-44A5-903C-6538F0E38173}.Debug|Any CPU.Build.0 = Debug|Any CPU
		{BEC08B76-C5E9-44A5-903C-6538F0E38173}.Release|Any CPU.ActiveCfg = Release|Any CPU
		{BEC08B76-C5E9-44A5-903C-6538F0E38173}.Release|Any CPU.Build.0 = Release|Any CPU
		{5B586BCF-6742-4BCF-A0D1-8DD52A59D0DA}.Debug|Any CPU.ActiveCfg = Debug|Any CPU
		{5B586BCF-6742-4BCF-A0D1-8DD52A59D0DA}.Debug|Any CPU.Build.0 = Debug|Any CPU
		{5B586BCF-6742-4BCF-A0D1-8DD52A59D0DA}.Release|Any CPU.ActiveCfg = Release|Any CPU
		{5B586BCF-6742-4BCF-A0D1-8DD52A59D0DA}.Release|Any CPU.Build.0 = Release|Any CPU
		{7CD8971C-585E-40B5-8712-383969E38104}.Debug|Any CPU.ActiveCfg = Debug|Any CPU
		{7CD8971C-585E-40B5-8712-383969E38104}.Debug|Any CPU.Build.0 = Debug|Any CPU
		{7CD8971C-585E-40B5-8712-383969E38104}.Release|Any CPU.ActiveCfg = Release|Any CPU
		{7CD8971C-585E-40B5-8712-383969E38104}.Release|Any CPU.Build.0 = Release|Any CPU
	EndGlobalSection
	GlobalSection(NestedProjects) = preSolution
		{5521C232-AFFF-4E36-B7D9-C6BD3086C798} = {0107BD9C-C203-4C0C-8925-B21936209F84}
		{FFFD1DC9-362D-4BF9-83AD-F46D33CD6DB4} = {5521C232-AFFF-4E36-B7D9-C6BD3086C798}
		{FFE895A0-2427-40B7-BC54-6A5DF35AB57B} = {0107BD9C-C203-4C0C-8925-B21936209F84}
		{AB5E0A41-F2BA-47CF-A7AC-C15874D121F3} = {0107BD9C-C203-4C0C-8925-B21936209F84}
		{3A38B441-91BA-476C-9930-40D16E55DA17} = {0107BD9C-C203-4C0C-8925-B21936209F84}
		{BEC08B76-C5E9-44A5-903C-6538F0E38173} = {AB5E0A41-F2BA-47CF-A7AC-C15874D121F3}
		{5B586BCF-6742-4BCF-A0D1-8DD52A59D0DA} = {3A38B441-91BA-476C-9930-40D16E55DA17}
		{7CD8971C-585E-40B5-8712-383969E38104} = {FFE895A0-2427-40B7-BC54-6A5DF35AB57B}
	EndGlobalSection
EndGlobal
